{
  "name": "neoscores",
  "lockfileVersion": 3,
  "requires": true,
  "packages": {
    "vendor/symfony/ux-autocomplete/assets": {
      "name": "@symfony/ux-autocomplete",
      "version": "1.0.0",
      "extraneous": true,
      "license": "MIT",
      "devDependencies": {
        "@hotwired/stimulus": "^3.0.0",
        "fetch-mock-jest": "^1.5.1",
        "tom-select": "^2.2.2"
      },
      "peerDependencies": {
        "@hotwired/stimulus": "^3.0.0",
        "tom-select": "^2.2.2"
      }
    }
  }
}
